
Microsoft Visual Studio Solution File, Format Version 12.00
Project("{FAE04EC0-301F-11D3-BF4B-00C04F79EFBC}") = "FicusFrontend", "FicusFrontend\FicusFrontend.csproj", "{C938B60C-BD41-4FE6-BB9A-16A1884E0E19}"
EndProject
Project("{FAE04EC0-301F-11D3-BF4B-00C04F79EFBC}") = "FrontendBackend", "FrontendBackend\FrontendBackend.csproj", "{F4A774D0-1462-4108-8341-B22745C1D331}"
EndProject
Global
	GlobalSection(SolutionConfigurationPlatforms) = preSolution
		Debug|Any CPU = Debug|Any CPU
		Release|Any CPU = Release|Any CPU
	EndGlobalSection
	GlobalSection(ProjectConfigurationPlatforms) = postSolution
		{C938B60C-BD41-4FE6-BB9A-16A1884E0E19}.Debug|Any CPU.ActiveCfg = Debug|Any CPU
		{C938B60C-BD41-4FE6-BB9A-16A1884E0E19}.Debug|Any CPU.Build.0 = Debug|Any CPU
		{C938B60C-BD41-4FE6-BB9A-16A1884E0E19}.Release|Any CPU.ActiveCfg = Release|Any CPU
		{C938B60C-BD41-4FE6-BB9A-16A1884E0E19}.Release|Any CPU.Build.0 = Release|Any CPU
		{F4A774D0-1462-4108-8341-B22745C1D331}.Debug|Any CPU.ActiveCfg = Debug|Any CPU
		{F4A774D0-1462-4108-8341-B22745C1D331}.Debug|Any CPU.Build.0 = Debug|Any CPU
		{F4A774D0-1462-4108-8341-B22745C1D331}.Release|Any CPU.ActiveCfg = Release|Any CPU
		{F4A774D0-1462-4108-8341-B22745C1D331}.Release|Any CPU.Build.0 = Release|Any CPU
	EndGlobalSection
EndGlobal
